
Microsoft Visual Studio Solution File, Format Version 12.00
# Visual Studio 2013
VisualStudioVersion = 12.0.21005.1
MinimumVisualStudioVersion = 10.0.40219.1
Project("{8BC9CEB8-8B4A-11D0-8D11-00A0C91BC942}") = "ProductSequence", "ProductSequence\ProductSequence.vcxproj", "{1DC06C9B-A8D0-4EC2-813A-23F264FE175B}"
EndProject
Global
	GlobalSection(SolutionConfigurationPlatforms) = preSolution
		Debug|Win32 = Debug|Win32
		Release|Win32 = Release|Win32
	EndGlobalSection
	GlobalSection(ProjectConfigurationPlatforms) = postSolution
		{1DC06C9B-A8D0-4EC2-813A-23F264FE175B}.Debug|Win32.ActiveCfg = Debug|Win32
		{1DC06C9B-A8D0-4EC2-813A-23F264FE175B}.Debug|Win32.Build.0 = Debug|Win32
		{1DC06C9B-A8D0-4EC2-813A-23F264FE175B}.Release|Win32.ActiveCfg = Release|Win32
		{1DC06C9B-A8D0-4EC2-813A-23F264FE175B}.Release|Win32.Build.0 = Release|Win32
	EndGlobalSection
	GlobalSection(SolutionProperties) = preSolution
		HideSolutionNode = FALSE
	EndGlobalSection
EndGlobal
